// !$*UTF8*$!
{
	archiveVersion = 1;
	classes = {
	};
	objectVersion = 51;
	objects = {

/* Begin PBXBuildFile section */
		13AC86EA241AF03400DE3CCF /* CameraViewController.swift in Sources */ = {isa = PBXBuildFile; fileRef = 13AC86E9241AF03400DE3CCF /* CameraViewController.swift */; };
		13AC86EC241C35C900DE3CCF /* PostCell.swift in Sources */ = {isa = PBXBuildFile; fileRef = 13AC86EB241C35C900DE3CCF /* PostCell.swift */; };
		13AF6D0C240C2E880027102A /* AppDelegate.swift in Sources */ = {isa = PBXBuildFile; fileRef = 13AF6D0B240C2E880027102A /* AppDelegate.swift */; };
		13AF6D0E240C2E880027102A /* SceneDelegate.swift in Sources */ = {isa = PBXBuildFile; fileRef = 13AF6D0D240C2E880027102A /* SceneDelegate.swift */; };
		13AF6D10240C2E880027102A /* ViewController.swift in Sources */ = {isa = PBXBuildFile; fileRef = 13AF6D0F240C2E880027102A /* ViewController.swift */; };
		13AF6D13240C2E880027102A /* Main.storyboard in Resources */ = {isa = PBXBuildFile; fileRef = 13AF6D11240C2E880027102A /* Main.storyboard */; };
		13AF6D15240C2E890027102A /* Assets.xcassets in Resources */ = {isa = PBXBuildFile; fileRef = 13AF6D14240C2E890027102A /* Assets.xcassets */; };
		13AF6D18240C2E890027102A /* LaunchScreen.storyboard in Resources */ = {isa = PBXBuildFile; fileRef = 13AF6D16240C2E890027102A /* LaunchScreen.storyboard */; };
		13AF6D23240C2E8A0027102A /* ParstagramTests.swift in Sources */ = {isa = PBXBuildFile; fileRef = 13AF6D22240C2E8A0027102A /* ParstagramTests.swift */; };
		13AF6D2E240C2E8A0027102A /* ParstagramUITests.swift in Sources */ = {isa = PBXBuildFile; fileRef = 13AF6D2D240C2E8A0027102A /* ParstagramUITests.swift */; };
		13AF6D3C240C3AB10027102A /* LoginViewController.swift in Sources */ = {isa = PBXBuildFile; fileRef = 13AF6D3B240C3AB10027102A /* LoginViewController.swift */; };
		13AF6D3E240C3B260027102A /* FeedViewController.swift in Sources */ = {isa = PBXBuildFile; fileRef = 13AF6D3D240C3B260027102A /* FeedViewController.swift */; };
		336B0A72EC56934320B20511 /* Pods_ParstagramTests.framework in Frameworks */ = {isa = PBXBuildFile; fileRef = F31B62C6C3D39816042E466D /* Pods_ParstagramTests.framework */; };
		7FA77210A6C9DBE36C40C393 /* Pods_Parstagram_ParstagramUITests.framework in Frameworks */ = {isa = PBXBuildFile; fileRef = 186334B96D12559EADFA2F4E /* Pods_Parstagram_ParstagramUITests.framework */; };
		8657A3B4D4E008E20F5165DB /* Pods_Parstagram.framework in Frameworks */ = {isa = PBXBuildFile; fileRef = F18D1C2211488CE117BFED58 /* Pods_Parstagram.framework */; };
/* End PBXBuildFile section */

/* Begin PBXContainerItemProxy section */
		13AF6D1F240C2E890027102A /* PBXContainerItemProxy */ = {
			isa = PBXContainerItemProxy;
			containerPortal = 13AF6D00240C2E880027102A /* Project object */;
			proxyType = 1;
			remoteGlobalIDString = 13AF6D07240C2E880027102A;
			remoteInfo = Parstagram;
		};
		13AF6D2A240C2E8A0027102A /* PBXContainerItemProxy */ = {
			isa = PBXContainerItemProxy;
			containerPortal = 13AF6D00240C2E880027102A /* Project object */;
			proxyType = 1;
			remoteGlobalIDString = 13AF6D07240C2E880027102A;
			remoteInfo = Parstagram;
		};
/* End PBXContainerItemProxy section */

/* Begin PBXFileReference section */
		13AC86E9241AF03400DE3CCF /* CameraViewController.swift */ = {isa = PBXFileReference; lastKnownFileType = sourcecode.swift; path = CameraViewController.swift; sourceTree = "<group>"; };
		13AC86EB241C35C900DE3CCF /* PostCell.swift */ = {isa = PBXFileReference; lastKnownFileType = sourcecode.swift; path = PostCell.swift; sourceTree = "<group>"; };
		13AF6D08240C2E880027102A /* Parstagram.app */ = {isa = PBXFileReference; explicitFileType = wrapper.application; includeInIndex = 0; path = Parstagram.app; sourceTree = BUILT_PRODUCTS_DIR; };
		13AF6D0B240C2E880027102A /* AppDelegate.swift */ = {isa = PBXFileReference; lastKnownFileType = sourcecode.swift; path = AppDelegate.swift; sourceTree = "<group>"; };
		13AF6D0D240C2E880027102A /* SceneDelegate.swift */ = {isa = PBXFileReference; lastKnownFileType = sourcecode.swift; path = SceneDelegate.swift; sourceTree = "<group>"; };
		13AF6D0F240C2E880027102A /* ViewController.swift */ = {isa = PBXFileReference; lastKnownFileType = sourcecode.swift; path = ViewController.swift; sourceTree = "<group>"; };
		13AF6D12240C2E880027102A /* Base */ = {isa = PBXFileReference; lastKnownFileType = file.storyboard; name = Base; path = Base.lproj/Main.storyboard; sourceTree = "<group>"; };
		13AF6D14240C2E890027102A /* Assets.xcassets */ = {isa = PBXFileReference; lastKnownFileType = folder.assetcatalog; path = Assets.xcassets; sourceTree = "<group>"; };
		13AF6D17240C2E890027102A /* Base */ = {isa = PBXFileReference; lastKnownFileType = file.storyboard; name = Base; path = Base.lproj/LaunchScreen.storyboard; sourceTree = "<group>"; };
		13AF6D19240C2E890027102A /* Info.plist */ = {isa = PBXFileReference; lastKnownFileType = text.plist.xml; path = Info.plist; sourceTree = "<group>"; };
		13AF6D1E240C2E890027102A /* ParstagramTests.xctest */ = {isa = PBXFileReference; explicitFileType = wrapper.cfbundle; includeInIndex = 0; path = ParstagramTests.xctest; sourceTree = BUILT_PRODUCTS_DIR; };
		13AF6D22240C2E8A0027102A /* ParstagramTests.swift */ = {isa = PBXFileReference; lastKnownFileType = sourcecode.swift; path = ParstagramTests.swift; sourceTree = "<group>"; };
		13AF6D24240C2E8A0027102A /* Info.plist */ = {isa = PBXFileReference; lastKnownFileType = text.plist.xml; path = Info.plist; sourceTree = "<group>"; };
		13AF6D29240C2E8A0027102A /* ParstagramUITests.xctest */ = {isa = PBXFileReference; explicitFileType = wrapper.cfbundle; includeInIndex = 0; path = ParstagramUITests.xctest; sourceTree = BUILT_PRODUCTS_DIR; };
		13AF6D2D240C2E8A0027102A /* ParstagramUITests.swift */ = {isa = PBXFileReference; lastKnownFileType = sourcecode.swift; path = ParstagramUITests.swift; sourceTree = "<group>"; };
		13AF6D2F240C2E8A0027102A /* Info.plist */ = {isa = PBXFileReference; lastKnownFileType = text.plist.xml; path = Info.plist; sourceTree = "<group>"; };
		13AF6D3B240C3AB10027102A /* LoginViewController.swift */ = {isa = PBXFileReference; lastKnownFileType = sourcecode.swift; path = LoginViewController.swift; sourceTree = "<group>"; };
		13AF6D3D240C3B260027102A /* FeedViewController.swift */ = {isa = PBXFileReference; lastKnownFileType = sourcecode.swift; path = FeedViewController.swift; sourceTree = "<group>"; };
		186334B96D12559EADFA2F4E /* Pods_Parstagram_ParstagramUITests.framework */ = {isa = PBXFileReference; explicitFileType = wrapper.framework; includeInIndex = 0; path = Pods_Parstagram_ParstagramUITests.framework; sourceTree = BUILT_PRODUCTS_DIR; };
		8E150771C7FEC812A9C2FE8A /* Pods-Parstagram.debug.xcconfig */ = {isa = PBXFileReference; includeInIndex = 1; lastKnownFileType = text.xcconfig; name = "Pods-Parstagram.debug.xcconfig"; path = "Target Support Files/Pods-Parstagram/Pods-Parstagram.debug.xcconfig"; sourceTree = "<group>"; };
		A4402FE9A2131167F1477491 /* Pods-ParstagramTests.debug.xcconfig */ = {isa = PBXFileReference; includeInIndex = 1; lastKnownFileType = text.xcconfig; name = "Pods-ParstagramTests.debug.xcconfig"; path = "Target Support Files/Pods-ParstagramTests/Pods-ParstagramTests.debug.xcconfig"; sourceTree = "<group>"; };
		A546C0A10B3C9A23CBED640E /* Pods-Parstagram-ParstagramUITests.release.xcconfig */ = {isa = PBXFileReference; includeInIndex = 1; lastKnownFileType = text.xcconfig; name = "Pods-Parstagram-ParstagramUITests.release.xcconfig"; path = "Target Support Files/Pods-Parstagram-ParstagramUITests/Pods-Parstagram-ParstagramUITests.release.xcconfig"; sourceTree = "<group>"; };
		ACD511EE16640D00DE450270 /* Pods-Parstagram.release.xcconfig */ = {isa = PBXFileReference; includeInIndex = 1; lastKnownFileType = text.xcconfig; name = "Pods-Parstagram.release.xcconfig"; path = "Target Support Files/Pods-Parstagram/Pods-Parstagram.release.xcconfig"; sourceTree = "<group>"; };
		C2DB4DE3A3F2FE500FFB7173 /* Pods-Parstagram-ParstagramUITests.debug.xcconfig */ = {isa = PBXFileReference; includeInIndex = 1; lastKnownFileType = text.xcconfig; name = "Pods-Parstagram-ParstagramUITests.debug.xcconfig"; path = "Target Support Files/Pods-Parstagram-ParstagramUITests/Pods-Parstagram-ParstagramUITests.debug.xcconfig"; sourceTree = "<group>"; };
		C7028FD37E8C234F45D25145 /* Pods-ParstagramTests.release.xcconfig */ = {isa = PBXFileReference; includeInIndex = 1; lastKnownFileType = text.xcconfig; name = "Pods-ParstagramTests.release.xcconfig"; path = "Target Support Files/Pods-ParstagramTests/Pods-ParstagramTests.release.xcconfig"; sourceTree = "<group>"; };
		F18D1C2211488CE117BFED58 /* Pods_Parstagram.framework */ = {isa = PBXFileReference; explicitFileType = wrapper.framework; includeInIndex = 0; path = Pods_Parstagram.framework; sourceTree = BUILT_PRODUCTS_DIR; };
		F31B62C6C3D39816042E466D /* Pods_ParstagramTests.framework */ = {isa = PBXFileReference; explicitFileType = wrapper.framework; includeInIndex = 0; path = Pods_ParstagramTests.framework; sourceTree = BUILT_PRODUCTS_DIR; };
/* End PBXFileReference section */

/* Begin PBXFrameworksBuildPhase section */
		13AF6D05240C2E880027102A /* Frameworks */ = {
			isa = PBXFrameworksBuildPhase;
			buildActionMask = 2147483647;
			files = (
				8657A3B4D4E008E20F5165DB /* Pods_Parstagram.framework in Frameworks */,
			);
			runOnlyForDeploymentPostprocessing = 0;
		};
		13AF6D1B240C2E890027102A /* Frameworks */ = {
			isa = PBXFrameworksBuildPhase;
			buildActionMask = 2147483647;
			files = (
				336B0A72EC56934320B20511 /* Pods_ParstagramTests.framework in Frameworks */,
			);
			runOnlyForDeploymentPostprocessing = 0;
		};
		13AF6D26240C2E8A0027102A /* Frameworks */ = {
			isa = PBXFrameworksBuildPhase;
			buildActionMask = 2147483647;
			files = (
				7FA77210A6C9DBE36C40C393 /* Pods_Parstagram_ParstagramUITests.framework in Frameworks */,
			);
			runOnlyForDeploymentPostprocessing = 0;
		};
/* End PBXFrameworksBuildPhase section */

/* Begin PBXGroup section */
		05DC3235B2719C1503B57A6B /* Frameworks */ = {
			isa = PBXGroup;
			children = (
				F18D1C2211488CE117BFED58 /* Pods_Parstagram.framework */,
				186334B96D12559EADFA2F4E /* Pods_Parstagram_ParstagramUITests.framework */,
				F31B62C6C3D39816042E466D /* Pods_ParstagramTests.framework */,
			);
			name = Frameworks;
			sourceTree = "<group>";
		};
		13AF6CFF240C2E880027102A = {
			isa = PBXGroup;
			children = (
				13AF6D0A240C2E880027102A /* Parstagram */,
				13AF6D21240C2E8A0027102A /* ParstagramTests */,
				13AF6D2C240C2E8A0027102A /* ParstagramUITests */,
				13AF6D09240C2E880027102A /* Products */,
				37C63C3156D33ECE1E8CC1B7 /* Pods */,
				05DC3235B2719C1503B57A6B /* Frameworks */,
			);
			sourceTree = "<group>";
		};
		13AF6D09240C2E880027102A /* Products */ = {
			isa = PBXGroup;
			children = (
				13AF6D08240C2E880027102A /* Parstagram.app */,
				13AF6D1E240C2E890027102A /* ParstagramTests.xctest */,
				13AF6D29240C2E8A0027102A /* ParstagramUITests.xctest */,
			);
			name = Products;
			sourceTree = "<group>";
		};
		13AF6D0A240C2E880027102A /* Parstagram */ = {
			isa = PBXGroup;
			children = (
				13AF6D0B240C2E880027102A /* AppDelegate.swift */,
				13AF6D0D240C2E880027102A /* SceneDelegate.swift */,
				13AF6D0F240C2E880027102A /* ViewController.swift */,
				13AF6D11240C2E880027102A /* Main.storyboard */,
				13AF6D14240C2E890027102A /* Assets.xcassets */,
				13AF6D16240C2E890027102A /* LaunchScreen.storyboard */,
				13AF6D19240C2E890027102A /* Info.plist */,
				13AF6D3B240C3AB10027102A /* LoginViewController.swift */,
				13AF6D3D240C3B260027102A /* FeedViewController.swift */,
				13AC86E9241AF03400DE3CCF /* CameraViewController.swift */,
				13AC86EB241C35C900DE3CCF /* PostCell.swift */,
			);
			path = Parstagram;
			sourceTree = "<group>";
		};
		13AF6D21240C2E8A0027102A /* ParstagramTests */ = {
			isa = PBXGroup;
			children = (
				13AF6D22240C2E8A0027102A /* ParstagramTests.swift */,
				13AF6D24240C2E8A0027102A /* Info.plist */,
			);
			path = ParstagramTests;
			sourceTree = "<group>";
		};
		13AF6D2C240C2E8A0027102A /* ParstagramUITests */ = {
			isa = PBXGroup;
			children = (
				13AF6D2D240C2E8A0027102A /* ParstagramUITests.swift */,
				13AF6D2F240C2E8A0027102A /* Info.plist */,
			);
			path = ParstagramUITests;
			sourceTree = "<group>";
		};
		37C63C3156D33ECE1E8CC1B7 /* Pods */ = {
			isa = PBXGroup;
			children = (
				8E150771C7FEC812A9C2FE8A /* Pods-Parstagram.debug.xcconfig */,
				ACD511EE16640D00DE450270 /* Pods-Parstagram.release.xcconfig */,
				C2DB4DE3A3F2FE500FFB7173 /* Pods-Parstagram-ParstagramUITests.debug.xcconfig */,
				A546C0A10B3C9A23CBED640E /* Pods-Parstagram-ParstagramUITests.release.xcconfig */,
				A4402FE9A2131167F1477491 /* Pods-ParstagramTests.debug.xcconfig */,
				C7028FD37E8C234F45D25145 /* Pods-ParstagramTests.release.xcconfig */,
			);
			path = Pods;
			sourceTree = "<group>";
		};
/* End PBXGroup section */

/* Begin PBXNativeTarget section */
		13AF6D07240C2E880027102A /* Parstagram */ = {
			isa = PBXNativeTarget;
			buildConfigurationList = 13AF6D32240C2E8A0027102A /* Build configuration list for PBXNativeTarget "Parstagram" */;
			buildPhases = (
				582900859CB3AA16F230B475 /* [CP] Check Pods Manifest.lock */,
				13AF6D04240C2E880027102A /* Sources */,
				13AF6D05240C2E880027102A /* Frameworks */,
				13AF6D06240C2E880027102A /* Resources */,
				75056FA30E6E70E6C6304423 /* [CP] Embed Pods Frameworks */,
			);
			buildRules = (
			);
			dependencies = (
			);
			name = Parstagram;
			productName = Parstagram;
			productReference = 13AF6D08240C2E880027102A /* Parstagram.app */;
			productType = "com.apple.product-type.application";
		};
		13AF6D1D240C2E890027102A /* ParstagramTests */ = {
			isa = PBXNativeTarget;
			buildConfigurationList = 13AF6D35240C2E8A0027102A /* Build configuration list for PBXNativeTarget "ParstagramTests" */;
			buildPhases = (
				90ADD9FF60B5254A61BC09D6 /* [CP] Check Pods Manifest.lock */,
				13AF6D1A240C2E890027102A /* Sources */,
				13AF6D1B240C2E890027102A /* Frameworks */,
				13AF6D1C240C2E890027102A /* Resources */,
			);
			buildRules = (
			);
			dependencies = (
				13AF6D20240C2E890027102A /* PBXTargetDependency */,
			);
			name = ParstagramTests;
			productName = ParstagramTests;
			productReference = 13AF6D1E240C2E890027102A /* ParstagramTests.xctest */;
			productType = "com.apple.product-type.bundle.unit-test";
		};
		13AF6D28240C2E8A0027102A /* ParstagramUITests */ = {
			isa = PBXNativeTarget;
			buildConfigurationList = 13AF6D38240C2E8A0027102A /* Build configuration list for PBXNativeTarget "ParstagramUITests" */;
			buildPhases = (
				F163EF0C5D5312E31B1D152B /* [CP] Check Pods Manifest.lock */,
				13AF6D25240C2E8A0027102A /* Sources */,
				13AF6D26240C2E8A0027102A /* Frameworks */,
				13AF6D27240C2E8A0027102A /* Resources */,
				43A18C89E754792E8679FE90 /* [CP] Embed Pods Frameworks */,
			);
			buildRules = (
			);
			dependencies = (
				13AF6D2B240C2E8A0027102A /* PBXTargetDependency */,
			);
			name = ParstagramUITests;
			productName = ParstagramUITests;
			productReference = 13AF6D29240C2E8A0027102A /* ParstagramUITests.xctest */;
			productType = "com.apple.product-type.bundle.ui-testing";
		};
/* End PBXNativeTarget section */

/* Begin PBXProject section */
		13AF6D00240C2E880027102A /* Project object */ = {
			isa = PBXProject;
			attributes = {
				LastSwiftUpdateCheck = 1130;
				LastUpgradeCheck = 1130;
				ORGANIZATIONNAME = "Manish Rajendran";
				TargetAttributes = {
					13AF6D07240C2E880027102A = {
						CreatedOnToolsVersion = 11.3.1;
					};
					13AF6D1D240C2E890027102A = {
						CreatedOnToolsVersion = 11.3.1;
						TestTargetID = 13AF6D07240C2E880027102A;
					};
					13AF6D28240C2E8A0027102A = {
						CreatedOnToolsVersion = 11.3.1;
						TestTargetID = 13AF6D07240C2E880027102A;
					};
				};
			};
			buildConfigurationList = 13AF6D03240C2E880027102A /* Build configuration list for PBXProject "Parstagram" */;
			compatibilityVersion = "Xcode 9.3";
			developmentRegion = en;
			hasScannedForEncodings = 0;
			knownRegions = (
				en,
				Base,
			);
			mainGroup = 13AF6CFF240C2E880027102A;
			productRefGroup = 13AF6D09240C2E880027102A /* Products */;
			projectDirPath = "";
			projectRoot = "";
			targets = (
				13AF6D07240C2E880027102A /* Parstagram */,
				13AF6D1D240C2E890027102A /* ParstagramTests */,
				13AF6D28240C2E8A0027102A /* ParstagramUITests */,
			);
		};
/* End PBXProject section */

/* Begin PBXResourcesBuildPhase section */
		13AF6D06240C2E880027102A /* Resources */ = {
			isa = PBXResourcesBuildPhase;
			buildActionMask = 2147483647;
			files = (
				13AF6D18240C2E890027102A /* LaunchScreen.storyboard in Resources */,
				13AF6D15240C2E890027102A /* Assets.xcassets in Resources */,
				13AF6D13240C2E880027102A /* Main.storyboard in Resources */,
			);
			runOnlyForDeploymentPostprocessing = 0;
		};
		13AF6D1C240C2E890027102A /* Resources */ = {
			isa = PBXResourcesBuildPhase;
			buildActionMask = 2147483647;
			files = (
			);
			runOnlyForDeploymentPostprocessing = 0;
		};
		13AF6D27240C2E8A0027102A /* Resources */ = {
			isa = PBXResourcesBuildPhase;
			buildActionMask = 2147483647;
			files = (
			);
			runOnlyForDeploymentPostprocessing = 0;
		};
/* End PBXResourcesBuildPhase section */

/* Begin PBXShellScriptBuildPhase section */
		43A18C89E754792E8679FE90 /* [CP] Embed Pods Frameworks */ = {
			isa = PBXShellScriptBuildPhase;
			buildActionMask = 2147483647;
			files = (
			);
			inputFileListPaths = (
				"${PODS_ROOT}/Target Support Files/Pods-Parstagram-ParstagramUITests/Pods-Parstagram-ParstagramUITests-frameworks-${CONFIGURATION}-input-files.xcfilelist",
			);
			name = "[CP] Embed Pods Frameworks";
			outputFileListPaths = (
				"${PODS_ROOT}/Target Support Files/Pods-Parstagram-ParstagramUITests/Pods-Parstagram-ParstagramUITests-frameworks-${CONFIGURATION}-output-files.xcfilelist",
			);
			runOnlyForDeploymentPostprocessing = 0;
			shellPath = /bin/sh;
			shellScript = "\"${PODS_ROOT}/Target Support Files/Pods-Parstagram-ParstagramUITests/Pods-Parstagram-ParstagramUITests-frameworks.sh\"\n";
			showEnvVarsInLog = 0;
		};
		582900859CB3AA16F230B475 /* [CP] Check Pods Manifest.lock */ = {
			isa = PBXShellScriptBuildPhase;
			buildActionMask = 2147483647;
			files = (
			);
			inputFileListPaths = (
			);
			inputPaths = (
				"${PODS_PODFILE_DIR_PATH}/Podfile.lock",
				"${PODS_ROOT}/Manifest.lock",
			);
			name = "[CP] Check Pods Manifest.lock";
			outputFileListPaths = (
			);
			outputPaths = (
				"$(DERIVED_FILE_DIR)/Pods-Parstagram-checkManifestLockResult.txt",
			);
			runOnlyForDeploymentPostprocessing = 0;
			shellPath = /bin/sh;
			shellScript = "diff \"${PODS_PODFILE_DIR_PATH}/Podfile.lock\" \"${PODS_ROOT}/Manifest.lock\" > /dev/null\nif [ $? != 0 ] ; then\n    # print error to STDERR\n    echo \"error: The sandbox is not in sync with the Podfile.lock. Run 'pod install' or update your CocoaPods installation.\" >&2\n    exit 1\nfi\n# This output is used by Xcode 'outputs' to avoid re-running this script phase.\necho \"SUCCESS\" > \"${SCRIPT_OUTPUT_FILE_0}\"\n";
			showEnvVarsInLog = 0;
		};
		75056FA30E6E70E6C6304423 /* [CP] Embed Pods Frameworks */ = {
			isa = PBXShellScriptBuildPhase;
			buildActionMask = 2147483647;
			files = (
			);
			inputFileListPaths = (
				"${PODS_ROOT}/Target Support Files/Pods-Parstagram/Pods-Parstagram-frameworks-${CONFIGURATION}-input-files.xcfilelist",
			);
			name = "[CP] Embed Pods Frameworks";
			outputFileListPaths = (
				"${PODS_ROOT}/Target Support Files/Pods-Parstagram/Pods-Parstagram-frameworks-${CONFIGURATION}-output-files.xcfilelist",
			);
			runOnlyForDeploymentPostprocessing = 0;
			shellPath = /bin/sh;
			shellScript = "\"${PODS_ROOT}/Target Support Files/Pods-Parstagram/Pods-Parstagram-frameworks.sh\"\n";
			showEnvVarsInLog = 0;
		};
		90ADD9FF60B5254A61BC09D6 /* [CP] Check Pods Manifest.lock */ = {
			isa = PBXShellScriptBuildPhase;
			buildActionMask = 2147483647;
			files = (
			);
			inputFileListPaths = (
			);
			inputPaths = (
				"${PODS_PODFILE_DIR_PATH}/Podfile.lock",
				"${PODS_ROOT}/Manifest.lock",
			);
			name = "[CP] Check Pods Manifest.lock";
			outputFileListPaths = (
			);
			outputPaths = (
				"$(DERIVED_FILE_DIR)/Pods-ParstagramTests-checkManifestLockResult.txt",
			);
			runOnlyForDeploymentPostprocessing = 0;
			shellPath = /bin/sh;
			shellScript = "diff \"${PODS_PODFILE_DIR_PATH}/Podfile.lock\" \"${PODS_ROOT}/Manifest.lock\" > /dev/null\nif [ $? != 0 ] ; then\n    # print error to STDERR\n    echo \"error: The sandbox is not in sync with the Podfile.lock. Run 'pod install' or update your CocoaPods installation.\" >&2\n    exit 1\nfi\n# This output is used by Xcode 'outputs' to avoid re-running this script phase.\necho \"SUCCESS\" > \"${SCRIPT_OUTPUT_FILE_0}\"\n";
			showEnvVarsInLog = 0;
		};
		F163EF0C5D5312E31B1D152B /* [CP] Check Pods Manifest.lock */ = {
			isa = PBXShellScriptBuildPhase;
			buildActionMask = 2147483647;
			files = (
			);
			inputFileListPaths = (
			);
			inputPaths = (
				"${PODS_PODFILE_DIR_PATH}/Podfile.lock",
				"${PODS_ROOT}/Manifest.lock",
			);
			name = "[CP] Check Pods Manifest.lock";
			outputFileListPaths = (
			);
			outputPaths = (
				"$(DERIVED_FILE_DIR)/Pods-Parstagram-ParstagramUITests-checkManifestLockResult.txt",
			);
			runOnlyForDeploymentPostprocessing = 0;
			shellPath = /bin/sh;
			shellScript = "diff \"${PODS_PODFILE_DIR_PATH}/Podfile.lock\" \"${PODS_ROOT}/Manifest.lock\" > /dev/null\nif [ $? != 0 ] ; then\n    # print error to STDERR\n    echo \"error: The sandbox is not in sync with the Podfile.lock. Run 'pod install' or update your CocoaPods installation.\" >&2\n    exit 1\nfi\n# This output is used by Xcode 'outputs' to avoid re-running this script phase.\necho \"SUCCESS\" > \"${SCRIPT_OUTPUT_FILE_0}\"\n";
			showEnvVarsInLog = 0;
		};
/* End PBXShellScriptBuildPhase section */

/* Begin PBXSourcesBuildPhase section */
		13AF6D04240C2E880027102A /* Sources */ = {
			isa = PBXSourcesBuildPhase;
			buildActionMask = 2147483647;
			files = (
				13AC86EC241C35C900DE3CCF /* PostCell.swift in Sources */,
				13AF6D3C240C3AB10027102A /* LoginViewController.swift in Sources */,
				13AF6D10240C2E880027102A /* ViewController.swift in Sources */,
				13AF6D3E240C3B260027102A /* FeedViewController.swift in Sources */,
				13AF6D0C240C2E880027102A /* AppDelegate.swift in Sources */,
				13AF6D0E240C2E880027102A /* SceneDelegate.swift in Sources */,
				13AC86EA241AF03400DE3CCF /* CameraViewController.swift in Sources */,
			);
			runOnlyForDeploymentPostprocessing = 0;
		};
		13AF6D1A240C2E890027102A /* Sources */ = {
			isa = PBXSourcesBuildPhase;
			buildActionMask = 2147483647;
			files = (
				13AF6D23240C2E8A0027102A /* ParstagramTests.swift in Sources */,
			);
			runOnlyForDeploymentPostprocessing = 0;
		};
		13AF6D25240C2E8A0027102A /* Sources */ = {
			isa = PBXSourcesBuildPhase;
			buildActionMask = 2147483647;
			files = (
				13AF6D2E240C2E8A0027102A /* ParstagramUITests.swift in Sources */,
			);
			runOnlyForDeploymentPostprocessing = 0;
		};
/* End PBXSourcesBuildPhase section */

/* Begin PBXTargetDependency section */
		13AF6D20240C2E890027102A /* PBXTargetDependency */ = {
			isa = PBXTargetDependency;
			target = 13AF6D07240C2E880027102A /* Parstagram */;
			targetProxy = 13AF6D1F240C2E890027102A /* PBXContainerItemProxy */;
		};
		13AF6D2B240C2E8A0027102A /* PBXTargetDependency */ = {
			isa = PBXTargetDependency;
			target = 13AF6D07240C2E880027102A /* Parstagram */;
			targetProxy = 13AF6D2A240C2E8A0027102A /* PBXContainerItemProxy */;
		};
/* End PBXTargetDependency section */

/* Begin PBXVariantGroup section */
		13AF6D11240C2E880027102A /* Main.storyboard */ = {
			isa = PBXVariantGroup;
			children = (
				13AF6D12240C2E880027102A /* Base */,
			);
			name = Main.storyboard;
			sourceTree = "<group>";
		};
		13AF6D16240C2E890027102A /* LaunchScreen.storyboard */ = {
			isa = PBXVariantGroup;
			children = (
				13AF6D17240C2E890027102A /* Base */,
			);
			name = LaunchScreen.storyboard;
			sourceTree = "<group>";
		};
/* End PBXVariantGroup section */

/* Begin XCBuildConfiguration section */
		13AF6D30240C2E8A0027102A /* Debug */ = {
			isa = XCBuildConfiguration;
			buildSettings = {
				ALWAYS_SEARCH_USER_PATHS = NO;
				CLANG_ANALYZER_NONNULL = YES;
				CLANG_ANALYZER_NUMBER_OBJECT_CONVERSION = YES_AGGRESSIVE;
				CLANG_CXX_LANGUAGE_STANDARD = "gnu++14";
				CLANG_CXX_LIBRARY = "libc++";
				CLANG_ENABLE_MODULES = YES;
				CLANG_ENABLE_OBJC_ARC = YES;
				CLANG_ENABLE_OBJC_WEAK = YES;
				CLANG_WARN_BLOCK_CAPTURE_AUTORELEASING = YES;
				CLANG_WARN_BOOL_CONVERSION = YES;
				CLANG_WARN_COMMA = YES;
				CLANG_WARN_CONSTANT_CONVERSION = YES;
				CLANG_WARN_DEPRECATED_OBJC_IMPLEMENTATIONS = YES;
				CLANG_WARN_DIRECT_OBJC_ISA_USAGE = YES_ERROR;
				CLANG_WARN_DOCUMENTATION_COMMENTS = YES;
				CLANG_WARN_EMPTY_BODY = YES;
				CLANG_WARN_ENUM_CONVERSION = YES;
				CLANG_WARN_INFINITE_RECURSION = YES;
				CLANG_WARN_INT_CONVERSION = YES;
				CLANG_WARN_NON_LITERAL_NULL_CONVERSION = YES;
				CLANG_WARN_OBJC_IMPLICIT_RETAIN_SELF = YES;
				CLANG_WARN_OBJC_LITERAL_CONVERSION = YES;
				CLANG_WARN_OBJC_ROOT_CLASS = YES_ERROR;
				CLANG_WARN_RANGE_LOOP_ANALYSIS = YES;
				CLANG_WARN_STRICT_PROTOTYPES = YES;
				CLANG_WARN_SUSPICIOUS_MOVE = YES;
				CLANG_WARN_UNGUARDED_AVAILABILITY = YES_AGGRESSIVE;
				CLANG_WARN_UNREACHABLE_CODE = YES;
				CLANG_WARN__DUPLICATE_METHOD_MATCH = YES;
				COPY_PHASE_STRIP = NO;
				DEBUG_INFORMATION_FORMAT = dwarf;
				ENABLE_STRICT_OBJC_MSGSEND = YES;
				ENABLE_TESTABILITY = YES;
				GCC_C_LANGUAGE_STANDARD = gnu11;
				GCC_DYNAMIC_NO_PIC = NO;
				GCC_NO_COMMON_BLOCKS = YES;
				GCC_OPTIMIZATION_LEVEL = 0;
				GCC_PREPROCESSOR_DEFINITIONS = (
					"DEBUG=1",
					"$(inherited)",
				);
				GCC_WARN_64_TO_32_BIT_CONVERSION = YES;
				GCC_WARN_ABOUT_RETURN_TYPE = YES_ERROR;
				GCC_WARN_UNDECLARED_SELECTOR = YES;
				GCC_WARN_UNINITIALIZED_AUTOS = YES_AGGRESSIVE;
				GCC_WARN_UNUSED_FUNCTION = YES;
				GCC_WARN_UNUSED_VARIABLE = YES;
				IPHONEOS_DEPLOYMENT_TARGET = 13.2;
				MTL_ENABLE_DEBUG_INFO = INCLUDE_SOURCE;
				MTL_FAST_MATH = YES;
				ONLY_ACTIVE_ARCH = YES;
				SDKROOT = iphoneos;
				SWIFT_ACTIVE_COMPILATION_CONDITIONS = DEBUG;
				SWIFT_OPTIMIZATION_LEVEL = "-Onone";
			};
			name = Debug;
		};
		13AF6D31240C2E8A0027102A /* Release */ = {
			isa = XCBuildConfiguration;
			buildSettings = {
				ALWAYS_SEARCH_USER_PATHS = NO;
				CLANG_ANALYZER_NONNULL = YES;
				CLANG_ANALYZER_NUMBER_OBJECT_CONVERSION = YES_AGGRESSIVE;
				CLANG_CXX_LANGUAGE_STANDARD = "gnu++14";
				CLANG_CXX_LIBRARY = "libc++";
				CLANG_ENABLE_MODULES = YES;
				CLANG_ENABLE_OBJC_ARC = YES;
				CLANG_ENABLE_OBJC_WEAK = YES;
				CLANG_WARN_BLOCK_CAPTURE_AUTORELEASING = YES;
				CLANG_WARN_BOOL_CONVERSION = YES;
				CLANG_WARN_COMMA = YES;
				CLANG_WARN_CONSTANT_CONVERSION = YES;
				CLANG_WARN_DEPRECATED_OBJC_IMPLEMENTATIONS = YES;
				CLANG_WARN_DIRECT_OBJC_ISA_USAGE = YES_ERROR;
				CLANG_WARN_DOCUMENTATION_COMMENTS = YES;
				CLANG_WARN_EMPTY_BODY = YES;
				CLANG_WARN_ENUM_CONVERSION = YES;
				CLANG_WARN_INFINITE_RECURSION = YES;
				CLANG_WARN_INT_CONVERSION = YES;
				CLANG_WARN_NON_LITERAL_NULL_CONVERSION = YES;
				CLANG_WARN_OBJC_IMPLICIT_RETAIN_SELF = YES;
				CLANG_WARN_OBJC_LITERAL_CONVERSION = YES;
				CLANG_WARN_OBJC_ROOT_CLASS = YES_ERROR;
				CLANG_WARN_RANGE_LOOP_ANALYSIS = YES;
				CLANG_WARN_STRICT_PROTOTYPES = YES;
				CLANG_WARN_SUSPICIOUS_MOVE = YES;
				CLANG_WARN_UNGUARDED_AVAILABILITY = YES_AGGRESSIVE;
				CLANG_WARN_UNREACHABLE_CODE = YES;
				CLANG_WARN__DUPLICATE_METHOD_MATCH = YES;
				COPY_PHASE_STRIP = NO;
				DEBUG_INFORMATION_FORMAT = "dwarf-with-dsym";
				ENABLE_NS_ASSERTIONS = NO;
				ENABLE_STRICT_OBJC_MSGSEND = YES;
				GCC_C_LANGUAGE_STANDARD = gnu11;
				GCC_NO_COMMON_BLOCKS = YES;
				GCC_WARN_64_TO_32_BIT_CONVERSION = YES;
				GCC_WARN_ABOUT_RETURN_TYPE = YES_ERROR;
				GCC_WARN_UNDECLARED_SELECTOR = YES;
				GCC_WARN_UNINITIALIZED_AUTOS = YES_AGGRESSIVE;
				GCC_WARN_UNUSED_FUNCTION = YES;
				GCC_WARN_UNUSED_VARIABLE = YES;
				IPHONEOS_DEPLOYMENT_TARGET = 13.2;
				MTL_ENABLE_DEBUG_INFO = NO;
				MTL_FAST_MATH = YES;
				SDKROOT = iphoneos;
				SWIFT_COMPILATION_MODE = wholemodule;
				SWIFT_OPTIMIZATION_LEVEL = "-O";
				VALIDATE_PRODUCT = YES;
			};
			name = Release;
		};
		13AF6D33240C2E8A0027102A /* Debug */ = {
			isa = XCBuildConfiguration;
			baseConfigurationReference = 8E150771C7FEC812A9C2FE8A /* Pods-Parstagram.debug.xcconfig */;
			buildSettings = {
				ASSETCATALOG_COMPILER_APPICON_NAME = AppIcon;
				CODE_SIGN_STYLE = Automatic;
				INFOPLIST_FILE = Parstagram/Info.plist;
				LD_RUNPATH_SEARCH_PATHS = (
					"$(inherited)",
					"@executable_path/Frameworks",
				);
				PRODUCT_BUNDLE_IDENTIFIER = manish.rajendran.Parstagram;
				PRODUCT_NAME = "$(TARGET_NAME)";
				SWIFT_VERSION = 5.0;
				TARGETED_DEVICE_FAMILY = "1,2";
			};
			name = Debug;
		};
		13AF6D34240C2E8A0027102A /* Release */ = {
			isa = XCBuildConfiguration;
			baseConfigurationReference = ACD511EE16640D00DE450270 /* Pods-Parstagram.release.xcconfig */;
			buildSettings = {
				ASSETCATALOG_COMPILER_APPICON_NAME = AppIcon;
				CODE_SIGN_STYLE = Automatic;
				INFOPLIST_FILE = Parstagram/Info.plist;
				LD_RUNPATH_SEARCH_PATHS = (
					"$(inherited)",
					"@executable_path/Frameworks",
				);
				PRODUCT_BUNDLE_IDENTIFIER = manish.rajendran.Parstagram;
				PRODUCT_NAME = "$(TARGET_NAME)";
				SWIFT_VERSION = 5.0;
				TARGETED_DEVICE_FAMILY = "1,2";
			};
			name = Release;
		};
		13AF6D36240C2E8A0027102A /* Debug */ = {
			isa = XCBuildConfiguration;
			baseConfigurationReference = A4402FE9A2131167F1477491 /* Pods-ParstagramTests.debug.xcconfig */;
			buildSettings = {
				ALWAYS_EMBED_SWIFT_STANDARD_LIBRARIES = YES;
				BUNDLE_LOADER = "$(TEST_HOST)";
				CODE_SIGN_STYLE = Automatic;
				INFOPLIST_FILE = ParstagramTests/Info.plist;
				IPHONEOS_DEPLOYMENT_TARGET = 13.2;
				LD_RUNPATH_SEARCH_PATHS = (
					"$(inherited)",
					"@executable_path/Frameworks",
					"@loader_path/Frameworks",
				);
				PRODUCT_BUNDLE_IDENTIFIER = manish.rajendran.ParstagramTests;
				PRODUCT_NAME = "$(TARGET_NAME)";
				SWIFT_VERSION = 5.0;
				TARGETED_DEVICE_FAMILY = "1,2";
				TEST_HOST = "$(BUILT_PRODUCTS_DIR)/Parstagram.app/Parstagram";
			};
			name = Debug;
		};
		13AF6D37240C2E8A0027102A /* Release */ = {
			isa = XCBuildConfiguration;
			baseConfigurationReference = C7028FD37E8C234F45D25145 /* Pods-ParstagramTests.release.xcconfig */;
			buildSettings = {
				ALWAYS_EMBED_SWIFT_STANDARD_LIBRARIES = YES;
				BUNDLE_LOADER = "$(TEST_HOST)";
				CODE_SIGN_STYLE = Automatic;
				INFOPLIST_FILE = ParstagramTests/Info.plist;
				IPHONEOS_DEPLOYMENT_TARGET = 13.2;
				LD_RUNPATH_SEARCH_PATHS = (
					"$(inherited)",
					"@executable_path/Frameworks",
					"@loader_path/Frameworks",
				);
				PRODUCT_BUNDLE_IDENTIFIER = manish.rajendran.ParstagramTests;
				PRODUCT_NAME = "$(TARGET_NAME)";
				SWIFT_VERSION = 5.0;
				TARGETED_DEVICE_FAMILY = "1,2";
				TEST_HOST = "$(BUILT_PRODUCTS_DIR)/Parstagram.app/Parstagram";
			};
			name = Release;
		};
		13AF6D39240C2E8A0027102A /* Debug */ = {
			isa = XCBuildConfiguration;
			baseConfigurationReference = C2DB4DE3A3F2FE500FFB7173 /* Pods-Parstagram-ParstagramUITests.debug.xcconfig */;
			buildSettings = {
				ALWAYS_EMBED_SWIFT_STANDARD_LIBRARIES = YES;
				CODE_SIGN_STYLE = Automatic;
				INFOPLIST_FILE = ParstagramUITests/Info.plist;
				LD_RUNPATH_SEARCH_PATHS = (
					"$(inherited)",
					"@executable_path/Frameworks",
					"@loader_path/Frameworks",
				);
				PRODUCT_BUNDLE_IDENTIFIER = manish.rajendran.ParstagramUITests;
				PRODUCT_NAME = "$(TARGET_NAME)";
				SWIFT_VERSION = 5.0;
				TARGETED_DEVICE_FAMILY = "1,2";
				TEST_TARGET_NAME = Parstagram;
			};
			name = Debug;
		};
		13AF6D3A240C2E8A0027102A /* Release */ = {
			isa = XCBuildConfiguration;
			baseConfigurationReference = A546C0A10B3C9A23CBED640E /* Pods-Parstagram-ParstagramUITests.release.xcconfig */;
			buildSettings = {
				ALWAYS_EMBED_SWIFT_STANDARD_LIBRARIES = YES;
				CODE_SIGN_STYLE = Automatic;
				INFOPLIST_FILE = ParstagramUITests/Info.plist;
				LD_RUNPATH_SEARCH_PATHS = (
					"$(inherited)",
					"@executable_path/Frameworks",
					"@loader_path/Frameworks",
				);
				PRODUCT_BUNDLE_IDENTIFIER = manish.rajendran.ParstagramUITests;
				PRODUCT_NAME = "$(TARGET_NAME)";
				SWIFT_VERSION = 5.0;
				TARGETED_DEVICE_FAMILY = "1,2";
				TEST_TARGET_NAME = Parstagram;
			};
			name = Release;
		};
/* End XCBuildConfiguration section */

/* Begin XCConfigurationList section */
		13AF6D03240C2E880027102A /* Build configuration list for PBXProject "Parstagram" */ = {
			isa = XCConfigurationList;
			buildConfigurations = (
				13AF6D30240C2E8A0027102A /* Debug */,
				13AF6D31240C2E8A0027102A /* Release */,
			);
			defaultConfigurationIsVisible = 0;
			defaultConfigurationName = Release;
		};
		13AF6D32240C2E8A0027102A /* Build configuration list for PBXNativeTarget "Parstagram" */ = {
			isa = XCConfigurationList;
			buildConfigurations = (
				13AF6D33240C2E8A0027102A /* Debug */,
				13AF6D34240C2E8A0027102A /* Release */,
			);
			defaultConfigurationIsVisible = 0;
			defaultConfigurationName = Release;
		};
		13AF6D35240C2E8A0027102A /* Build configuration list for PBXNativeTarget "ParstagramTests" */ = {
			isa = XCConfigurationList;
			buildConfigurations = (
				13AF6D36240C2E8A0027102A /* Debug */,
				13AF6D37240C2E8A0027102A /* Release */,
			);
			defaultConfigurationIsVisible = 0;
			defaultConfigurationName = Release;
		};
		13AF6D38240C2E8A0027102A /* Build configuration list for PBXNativeTarget "ParstagramUITests" */ = {
			isa = XCConfigurationList;
			buildConfigurations = (
				13AF6D39240C2E8A0027102A /* Debug */,
				13AF6D3A240C2E8A0027102A /* Release */,
			);
			defaultConfigurationIsVisible = 0;
			defaultConfigurationName = Release;
		};
/* End XCConfigurationList section */
	};
	rootObject = 13AF6D00240C2E880027102A /* Project object */;
}
